{
  "name": "wom",
  "lockfileVersion": 2,
  "requires": true,
  "packages": {
    "": {
      "dependencies": {
        "@auth0/angular-jwt": "^5.1.2"
      }
    },
    "node_modules/@auth0/angular-jwt": {
      "version": "5.1.2",
      "resolved": "https://registry.npmjs.org/@auth0/angular-jwt/-/angular-jwt-5.1.2.tgz",
      "integrity": "sha512-8ulz24cPpEkZb9/AdAaWfYIkomQDbZqvB9LproF/48Klnr30EJx09AYF9sbKTN4qLSgIZSlCb/Y7XQJZ51vSzA==",
      "dependencies": {
        "tslib": "^2.0.0"
      },
      "peerDependencies": {
        "@angular/common": ">=12.0.0"
      }
    },
    "node_modules/tslib": {
      "version": "2.4.1",
      "resolved": "https://registry.npmjs.org/tslib/-/tslib-2.4.1.tgz",
      "integrity": "sha512-tGyy4dAjRIEwI7BzsB0lynWgOpfqjUdq91XXAlIWD2OwKBH7oCl/GZG/HT4BOHrTlPMOASlMQ7veyTqpmRcrNA=="
    }
  },
  "dependencies": {
    "@auth0/angular-jwt": {
      "version": "5.1.2",
      "resolved": "https://registry.npmjs.org/@auth0/angular-jwt/-/angular-jwt-5.1.2.tgz",
      "integrity": "sha512-8ulz24cPpEkZb9/AdAaWfYIkomQDbZqvB9LproF/48Klnr30EJx09AYF9sbKTN4qLSgIZSlCb/Y7XQJZ51vSzA==",
      "requires": {
        "tslib": "^2.0.0"
      }
    },
    "tslib": {
      "version": "2.4.1",
      "resolved": "https://registry.npmjs.org/tslib/-/tslib-2.4.1.tgz",
      "integrity": "sha512-tGyy4dAjRIEwI7BzsB0lynWgOpfqjUdq91XXAlIWD2OwKBH7oCl/GZG/HT4BOHrTlPMOASlMQ7veyTqpmRcrNA=="
    }
  }
}
